// !$*UTF8*$!
{
	archiveVersion = 1;
	classes = {
	};
	objectVersion = 46;
	objects = {

/* Begin PBXBuildFile section */
		5E8750942249FBC500E1A01E /* XTIKeyChainViewController.swift in Sources */ = {isa = PBXBuildFile; fileRef = 5E87508C2249FBC500E1A01E /* XTIKeyChainViewController.swift */; };
		5E8750992249FBC500E1A01E /* XTIDivViewController.swift in Sources */ = {isa = PBXBuildFile; fileRef = 5E8750922249FBC500E1A01E /* XTIDivViewController.swift */; };
		5E87509A2249FBC500E1A01E /* XTIObserverTest.swift in Sources */ = {isa = PBXBuildFile; fileRef = 5E8750932249FBC500E1A01E /* XTIObserverTest.swift */; };
		5E87509C2249FBCF00E1A01E /* XTINavigationController.swift in Sources */ = {isa = PBXBuildFile; fileRef = 5E87509B2249FBCF00E1A01E /* XTINavigationController.swift */; };
		5E8750A5224A021A00E1A01E /* LaunchScreen.storyboard in Resources */ = {isa = PBXBuildFile; fileRef = 5E8750A4224A021A00E1A01E /* LaunchScreen.storyboard */; };
		5E8750A7224A022500E1A01E /* Storyboard.storyboard in Resources */ = {isa = PBXBuildFile; fileRef = 5E8750A6224A022500E1A01E /* Storyboard.storyboard */; };
		607FACD61AFB9204008FA782 /* AppDelegate.swift in Sources */ = {isa = PBXBuildFile; fileRef = 607FACD51AFB9204008FA782 /* AppDelegate.swift */; };
		607FACD81AFB9204008FA782 /* ViewController.swift in Sources */ = {isa = PBXBuildFile; fileRef = 607FACD71AFB9204008FA782 /* ViewController.swift */; };
		607FACDD1AFB9204008FA782 /* Images.xcassets in Resources */ = {isa = PBXBuildFile; fileRef = 607FACDC1AFB9204008FA782 /* Images.xcassets */; };
		A9D3C4288B9273A4FED079D5 /* Pods_XTInputKit_Example.framework in Frameworks */ = {isa = PBXBuildFile; fileRef = BC995B0E348EC894010BF5E4 /* Pods_XTInputKit_Example.framework */; };
/* End PBXBuildFile section */

/* Begin PBXFileReference section */
		08B1832F08A8D5DE5CDBB9C1 /* Pods-XTInputKit_Example.debug.xcconfig */ = {isa = PBXFileReference; includeInIndex = 1; lastKnownFileType = text.xcconfig; name = "Pods-XTInputKit_Example.debug.xcconfig"; path = "Target Support Files/Pods-XTInputKit_Example/Pods-XTInputKit_Example.debug.xcconfig"; sourceTree = "<group>"; };
		342162433A8CD615839F8C52 /* Pods_XTInputKit_Tests.framework */ = {isa = PBXFileReference; explicitFileType = wrapper.framework; includeInIndex = 0; path = Pods_XTInputKit_Tests.framework; sourceTree = BUILT_PRODUCTS_DIR; };
		5E8750482249FA3C00E1A01E /* XTILoger.swift */ = {isa = PBXFileReference; fileEncoding = 4; lastKnownFileType = sourcecode.swift; path = XTILoger.swift; sourceTree = "<group>"; };
		5E87504A2249FA3C00E1A01E /* XTIMacros.swift */ = {isa = PBXFileReference; fileEncoding = 4; lastKnownFileType = sourcecode.swift; path = XTIMacros.swift; sourceTree = "<group>"; };
		5E87504B2249FA3C00E1A01E /* XTIKeyChainTool.swift */ = {isa = PBXFileReference; fileEncoding = 4; lastKnownFileType = sourcecode.swift; path = XTIKeyChainTool.swift; sourceTree = "<group>"; };
		5E87504C2249FA3C00E1A01E /* XTITimer.swift */ = {isa = PBXFileReference; fileEncoding = 4; lastKnownFileType = sourcecode.swift; path = XTITimer.swift; sourceTree = "<group>"; };
		5E87504D2249FA3C00E1A01E /* XTIObserver.swift */ = {isa = PBXFileReference; fileEncoding = 4; lastKnownFileType = sourcecode.swift; path = XTIObserver.swift; sourceTree = "<group>"; };
		5E87504E2249FA3C00E1A01E /* XTITool.swift */ = {isa = PBXFileReference; fileEncoding = 4; lastKnownFileType = sourcecode.swift; path = XTITool.swift; sourceTree = "<group>"; };
		5E8750512249FA3C00E1A01E /* XTIColor+.swift */ = {isa = PBXFileReference; fileEncoding = 4; lastKnownFileType = sourcecode.swift; path = "XTIColor+.swift"; sourceTree = "<group>"; };
		5E8750522249FA3C00E1A01E /* XTIView+.swift */ = {isa = PBXFileReference; fileEncoding = 4; lastKnownFileType = sourcecode.swift; path = "XTIView+.swift"; sourceTree = "<group>"; };
		5E8750532249FA3C00E1A01E /* XTIImage+.swift */ = {isa = PBXFileReference; fileEncoding = 4; lastKnownFileType = sourcecode.swift; path = "XTIImage+.swift"; sourceTree = "<group>"; };
		5E8750542249FA3C00E1A01E /* XTIDevice+.swift */ = {isa = PBXFileReference; fileEncoding = 4; lastKnownFileType = sourcecode.swift; path = "XTIDevice+.swift"; sourceTree = "<group>"; };
		5E8750552249FA3C00E1A01E /* XTINavigationController+.swift */ = {isa = PBXFileReference; fileEncoding = 4; lastKnownFileType = sourcecode.swift; path = "XTINavigationController+.swift"; sourceTree = "<group>"; };
		5E8750562249FA3C00E1A01E /* XTIViewController+.swift */ = {isa = PBXFileReference; fileEncoding = 4; lastKnownFileType = sourcecode.swift; path = "XTIViewController+.swift"; sourceTree = "<group>"; };
		5E8750572249FA3C00E1A01E /* XTIButton+.swift */ = {isa = PBXFileReference; fileEncoding = 4; lastKnownFileType = sourcecode.swift; path = "XTIButton+.swift"; sourceTree = "<group>"; };
		5E8750582249FA3C00E1A01E /* UITabBarController+.swift */ = {isa = PBXFileReference; fileEncoding = 4; lastKnownFileType = sourcecode.swift; path = "UITabBarController+.swift"; sourceTree = "<group>"; };
		5E87505A2249FA3C00E1A01E /* NSObject+.swift */ = {isa = PBXFileReference; fileEncoding = 4; lastKnownFileType = sourcecode.swift; path = "NSObject+.swift"; sourceTree = "<group>"; };
		5E87505B2249FA3C00E1A01E /* XTIDate+.swift */ = {isa = PBXFileReference; fileEncoding = 4; lastKnownFileType = sourcecode.swift; path = "XTIDate+.swift"; sourceTree = "<group>"; };
		5E87505C2249FA3C00E1A01E /* XTIOperator+.swift */ = {isa = PBXFileReference; fileEncoding = 4; lastKnownFileType = sourcecode.swift; path = "XTIOperator+.swift"; sourceTree = "<group>"; };
		5E87505D2249FA3C00E1A01E /* XTIString+.swift */ = {isa = PBXFileReference; fileEncoding = 4; lastKnownFileType = sourcecode.swift; path = "XTIString+.swift"; sourceTree = "<group>"; };
		5E87505E2249FA3C00E1A01E /* XTIDispatchQueue+.swift */ = {isa = PBXFileReference; fileEncoding = 4; lastKnownFileType = sourcecode.swift; path = "XTIDispatchQueue+.swift"; sourceTree = "<group>"; };
		5E87505F2249FA3C00E1A01E /* XTIBaseNameNamespace.swift */ = {isa = PBXFileReference; fileEncoding = 4; lastKnownFileType = sourcecode.swift; path = XTIBaseNameNamespace.swift; sourceTree = "<group>"; };
		5E8750612249FA3C00E1A01E /* XTIBaseRequest.swift */ = {isa = PBXFileReference; fileEncoding = 4; lastKnownFileType = sourcecode.swift; path = XTIBaseRequest.swift; sourceTree = "<group>"; };
		5E8750622249FA3C00E1A01E /* XTIHandyJSON.swift */ = {isa = PBXFileReference; fileEncoding = 4; lastKnownFileType = sourcecode.swift; path = XTIHandyJSON.swift; sourceTree = "<group>"; };
		5E8750632249FA3C00E1A01E /* XTINetWorkConfig.swift */ = {isa = PBXFileReference; fileEncoding = 4; lastKnownFileType = sourcecode.swift; path = XTINetWorkConfig.swift; sourceTree = "<group>"; };
		5E87508C2249FBC500E1A01E /* XTIKeyChainViewController.swift */ = {isa = PBXFileReference; fileEncoding = 4; lastKnownFileType = sourcecode.swift; path = XTIKeyChainViewController.swift; sourceTree = "<group>"; };
		5E87508D2249FBC500E1A01E /* XTINetWorkViewController.swift */ = {isa = PBXFileReference; fileEncoding = 4; lastKnownFileType = sourcecode.swift; path = XTINetWorkViewController.swift; sourceTree = "<group>"; };
		5E8750922249FBC500E1A01E /* XTIDivViewController.swift */ = {isa = PBXFileReference; fileEncoding = 4; lastKnownFileType = sourcecode.swift; path = XTIDivViewController.swift; sourceTree = "<group>"; };
		5E8750932249FBC500E1A01E /* XTIObserverTest.swift */ = {isa = PBXFileReference; fileEncoding = 4; lastKnownFileType = sourcecode.swift; path = XTIObserverTest.swift; sourceTree = "<group>"; };
		5E87509B2249FBCF00E1A01E /* XTINavigationController.swift */ = {isa = PBXFileReference; fileEncoding = 4; lastKnownFileType = sourcecode.swift; path = XTINavigationController.swift; sourceTree = "<group>"; };
		5E87509E2249FECF00E1A01E /* XTITestRequest.swift */ = {isa = PBXFileReference; fileEncoding = 4; lastKnownFileType = sourcecode.swift; path = XTITestRequest.swift; sourceTree = "<group>"; };
		5E87509F2249FECF00E1A01E /* XTITestResult.swift */ = {isa = PBXFileReference; fileEncoding = 4; lastKnownFileType = sourcecode.swift; path = XTITestResult.swift; sourceTree = "<group>"; };
		5E8750A02249FECF00E1A01E /* XTITest1Request.swift */ = {isa = PBXFileReference; fileEncoding = 4; lastKnownFileType = sourcecode.swift; path = XTITest1Request.swift; sourceTree = "<group>"; };
		5E8750A4224A021A00E1A01E /* LaunchScreen.storyboard */ = {isa = PBXFileReference; lastKnownFileType = file.storyboard; path = LaunchScreen.storyboard; sourceTree = "<group>"; };
		5E8750A6224A022500E1A01E /* Storyboard.storyboard */ = {isa = PBXFileReference; fileEncoding = 4; lastKnownFileType = file.storyboard; path = Storyboard.storyboard; sourceTree = "<group>"; };
		607FACD01AFB9204008FA782 /* XTInputKit_Example.app */ = {isa = PBXFileReference; explicitFileType = wrapper.application; includeInIndex = 0; path = XTInputKit_Example.app; sourceTree = BUILT_PRODUCTS_DIR; };
		607FACD41AFB9204008FA782 /* Info.plist */ = {isa = PBXFileReference; lastKnownFileType = text.plist.xml; path = Info.plist; sourceTree = "<group>"; };
		607FACD51AFB9204008FA782 /* AppDelegate.swift */ = {isa = PBXFileReference; lastKnownFileType = sourcecode.swift; path = AppDelegate.swift; sourceTree = "<group>"; };
		607FACD71AFB9204008FA782 /* ViewController.swift */ = {isa = PBXFileReference; lastKnownFileType = sourcecode.swift; path = ViewController.swift; sourceTree = "<group>"; };
		607FACDC1AFB9204008FA782 /* Images.xcassets */ = {isa = PBXFileReference; lastKnownFileType = folder.assetcatalog; path = Images.xcassets; sourceTree = "<group>"; };
		9B13885BE100A16B74170D43 /* README.md */ = {isa = PBXFileReference; includeInIndex = 1; lastKnownFileType = net.daringfireball.markdown; name = README.md; path = ../README.md; sourceTree = "<group>"; };
		B5BF9C235C867792CA6F7091 /* Pods-XTInputKit_Example.release.xcconfig */ = {isa = PBXFileReference; includeInIndex = 1; lastKnownFileType = text.xcconfig; name = "Pods-XTInputKit_Example.release.xcconfig"; path = "Target Support Files/Pods-XTInputKit_Example/Pods-XTInputKit_Example.release.xcconfig"; sourceTree = "<group>"; };
		BC995B0E348EC894010BF5E4 /* Pods_XTInputKit_Example.framework */ = {isa = PBXFileReference; explicitFileType = wrapper.framework; includeInIndex = 0; path = Pods_XTInputKit_Example.framework; sourceTree = BUILT_PRODUCTS_DIR; };
		C1D1917397FED6A506491B49 /* Pods-XTInputKit_Tests.debug.xcconfig */ = {isa = PBXFileReference; includeInIndex = 1; lastKnownFileType = text.xcconfig; name = "Pods-XTInputKit_Tests.debug.xcconfig"; path = "Target Support Files/Pods-XTInputKit_Tests/Pods-XTInputKit_Tests.debug.xcconfig"; sourceTree = "<group>"; };
		C2B34039E0DA6B7AB22B75E0 /* LICENSE */ = {isa = PBXFileReference; includeInIndex = 1; lastKnownFileType = text; name = LICENSE; path = ../LICENSE; sourceTree = "<group>"; };
		C9AF60AD88E125B9742EAF7A /* XTInputKit.podspec */ = {isa = PBXFileReference; includeInIndex = 1; lastKnownFileType = text; name = XTInputKit.podspec; path = ../XTInputKit.podspec; sourceTree = "<group>"; xcLanguageSpecificationIdentifier = xcode.lang.ruby; };
		E65808B0AF933E0DC08C9FEE /* Pods-XTInputKit_Tests.release.xcconfig */ = {isa = PBXFileReference; includeInIndex = 1; lastKnownFileType = text.xcconfig; name = "Pods-XTInputKit_Tests.release.xcconfig"; path = "Target Support Files/Pods-XTInputKit_Tests/Pods-XTInputKit_Tests.release.xcconfig"; sourceTree = "<group>"; };
/* End PBXFileReference section */

/* Begin PBXFrameworksBuildPhase section */
		607FACCD1AFB9204008FA782 /* Frameworks */ = {
			isa = PBXFrameworksBuildPhase;
			buildActionMask = 2147483647;
			files = (
				A9D3C4288B9273A4FED079D5 /* Pods_XTInputKit_Example.framework in Frameworks */,
			);
			runOnlyForDeploymentPostprocessing = 0;
		};
/* End PBXFrameworksBuildPhase section */

/* Begin PBXGroup section */
		3E7BEBDE1EB7DF389CE99FC5 /* Pods */ = {
			isa = PBXGroup;
			children = (
				08B1832F08A8D5DE5CDBB9C1 /* Pods-XTInputKit_Example.debug.xcconfig */,
				B5BF9C235C867792CA6F7091 /* Pods-XTInputKit_Example.release.xcconfig */,
				C1D1917397FED6A506491B49 /* Pods-XTInputKit_Tests.debug.xcconfig */,
				E65808B0AF933E0DC08C9FEE /* Pods-XTInputKit_Tests.release.xcconfig */,
			);
			path = Pods;
			sourceTree = "<group>";
		};
		5E8750472249FA3C00E1A01E /* XTILoger */ = {
			isa = PBXGroup;
			children = (
				5E8750482249FA3C00E1A01E /* XTILoger.swift */,
			);
			path = XTILoger;
			sourceTree = "<group>";
		};
		5E8750492249FA3C00E1A01E /* XTIClass */ = {
			isa = PBXGroup;
			children = (
				5E87504A2249FA3C00E1A01E /* XTIMacros.swift */,
				5E87504B2249FA3C00E1A01E /* XTIKeyChainTool.swift */,
				5E87504C2249FA3C00E1A01E /* XTITimer.swift */,
				5E87504D2249FA3C00E1A01E /* XTIObserver.swift */,
				5E87504E2249FA3C00E1A01E /* XTITool.swift */,
			);
			path = XTIClass;
			sourceTree = "<group>";
		};
		5E87504F2249FA3C00E1A01E /* Extension */ = {
			isa = PBXGroup;
			children = (
				5E8750502249FA3C00E1A01E /* UIKit */,
				5E8750592249FA3C00E1A01E /* Foundation */,
				5E87505F2249FA3C00E1A01E /* XTIBaseNameNamespace.swift */,
			);
			path = Extension;
			sourceTree = "<group>";
		};
		5E8750502249FA3C00E1A01E /* UIKit */ = {
			isa = PBXGroup;
			children = (
				5E8750512249FA3C00E1A01E /* XTIColor+.swift */,
				5E8750522249FA3C00E1A01E /* XTIView+.swift */,
				5E8750532249FA3C00E1A01E /* XTIImage+.swift */,
				5E8750542249FA3C00E1A01E /* XTIDevice+.swift */,
				5E8750552249FA3C00E1A01E /* XTINavigationController+.swift */,
				5E8750562249FA3C00E1A01E /* XTIViewController+.swift */,
				5E8750572249FA3C00E1A01E /* XTIButton+.swift */,
				5E8750582249FA3C00E1A01E /* UITabBarController+.swift */,
			);
			path = UIKit;
			sourceTree = "<group>";
		};
		5E8750592249FA3C00E1A01E /* Foundation */ = {
			isa = PBXGroup;
			children = (
				5E87505A2249FA3C00E1A01E /* NSObject+.swift */,
				5E87505B2249FA3C00E1A01E /* XTIDate+.swift */,
				5E87505C2249FA3C00E1A01E /* XTIOperator+.swift */,
				5E87505D2249FA3C00E1A01E /* XTIString+.swift */,
				5E87505E2249FA3C00E1A01E /* XTIDispatchQueue+.swift */,
			);
			path = Foundation;
			sourceTree = "<group>";
		};
		5E8750602249FA3C00E1A01E /* Network */ = {
			isa = PBXGroup;
			children = (
				5E8750612249FA3C00E1A01E /* XTIBaseRequest.swift */,
				5E8750622249FA3C00E1A01E /* XTIHandyJSON.swift */,
				5E8750632249FA3C00E1A01E /* XTINetWorkConfig.swift */,
			);
			path = Network;
			sourceTree = "<group>";
		};
		5E87508B2249FBC500E1A01E /* Test */ = {
			isa = PBXGroup;
			children = (
				5E87509D2249FECF00E1A01E /* NetWork */,
				5E87508C2249FBC500E1A01E /* XTIKeyChainViewController.swift */,
				5E87508D2249FBC500E1A01E /* XTINetWorkViewController.swift */,
				5E8750922249FBC500E1A01E /* XTIDivViewController.swift */,
				5E8750932249FBC500E1A01E /* XTIObserverTest.swift */,
			);
			path = Test;
			sourceTree = "<group>";
		};
		5E87509D2249FECF00E1A01E /* NetWork */ = {
			isa = PBXGroup;
			children = (
				5E87509E2249FECF00E1A01E /* XTITestRequest.swift */,
				5E87509F2249FECF00E1A01E /* XTITestResult.swift */,
				5E8750A02249FECF00E1A01E /* XTITest1Request.swift */,
			);
			path = NetWork;
			sourceTree = "<group>";
		};
		607FACC71AFB9204008FA782 = {
			isa = PBXGroup;
			children = (
				607FACF51AFB993E008FA782 /* Podspec Metadata */,
				607FACD21AFB9204008FA782 /* Example for XTInputKit */,
				607FACD11AFB9204008FA782 /* Products */,
				3E7BEBDE1EB7DF389CE99FC5 /* Pods */,
				73127C7253E8C533535A74FE /* Frameworks */,
			);
			sourceTree = "<group>";
		};
		607FACD11AFB9204008FA782 /* Products */ = {
			isa = PBXGroup;
			children = (
				607FACD01AFB9204008FA782 /* XTInputKit_Example.app */,
			);
			name = Products;
			sourceTree = "<group>";
		};
		607FACD21AFB9204008FA782 /* Example for XTInputKit */ = {
			isa = PBXGroup;
			children = (
				607FACD51AFB9204008FA782 /* AppDelegate.swift */,
				607FACDC1AFB9204008FA782 /* Images.xcassets */,
				607FACD31AFB9204008FA782 /* Supporting Files */,
				5E87508B2249FBC500E1A01E /* Test */,
				607FACD71AFB9204008FA782 /* ViewController.swift */,
				5E87509B2249FBCF00E1A01E /* XTINavigationController.swift */,
			);
			name = "Example for XTInputKit";
			path = XTInputKit;
			sourceTree = "<group>";
		};
		607FACD31AFB9204008FA782 /* Supporting Files */ = {
			isa = PBXGroup;
			children = (
				5E8750A6224A022500E1A01E /* Storyboard.storyboard */,
				607FACD41AFB9204008FA782 /* Info.plist */,
				5E8750A4224A021A00E1A01E /* LaunchScreen.storyboard */,
			);
			name = "Supporting Files";
			sourceTree = "<group>";
		};
		607FACF51AFB993E008FA782 /* Podspec Metadata */ = {
			isa = PBXGroup;
			children = (
				AEC40C5C2249D6E4003AB316 /* Classes */,
				C9AF60AD88E125B9742EAF7A /* XTInputKit.podspec */,
				9B13885BE100A16B74170D43 /* README.md */,
				C2B34039E0DA6B7AB22B75E0 /* LICENSE */,
			);
			name = "Podspec Metadata";
			sourceTree = "<group>";
		};
		73127C7253E8C533535A74FE /* Frameworks */ = {
			isa = PBXGroup;
			children = (
				BC995B0E348EC894010BF5E4 /* Pods_XTInputKit_Example.framework */,
				342162433A8CD615839F8C52 /* Pods_XTInputKit_Tests.framework */,
			);
			name = Frameworks;
			sourceTree = "<group>";
		};
		AEC40C5C2249D6E4003AB316 /* Classes */ = {
			isa = PBXGroup;
			children = (
				5E87504F2249FA3C00E1A01E /* Extension */,
				5E8750602249FA3C00E1A01E /* Network */,
				5E8750492249FA3C00E1A01E /* XTIClass */,
				5E8750472249FA3C00E1A01E /* XTILoger */,
			);
			name = Classes;
			path = ../XTInputKit/Classes;
			sourceTree = "<group>";
		};
/* End PBXGroup section */

/* Begin PBXNativeTarget section */
		607FACCF1AFB9204008FA782 /* XTInputKit_Example */ = {
			isa = PBXNativeTarget;
			buildConfigurationList = 607FACEF1AFB9204008FA782 /* Build configuration list for PBXNativeTarget "XTInputKit_Example" */;
			buildPhases = (
				60D63D75269A1A5A7906AA29 /* [CP] Check Pods Manifest.lock */,
				607FACCC1AFB9204008FA782 /* Sources */,
				607FACCD1AFB9204008FA782 /* Frameworks */,
				607FACCE1AFB9204008FA782 /* Resources */,
				80749585FB6933E7A862177C /* [CP] Embed Pods Frameworks */,
			);
			buildRules = (
			);
			dependencies = (
			);
			name = XTInputKit_Example;
			productName = XTInputKit;
			productReference = 607FACD01AFB9204008FA782 /* XTInputKit_Example.app */;
			productType = "com.apple.product-type.application";
		};
/* End PBXNativeTarget section */

/* Begin PBXProject section */
		607FACC81AFB9204008FA782 /* Project object */ = {
			isa = PBXProject;
			attributes = {
				CLASSPREFIX = XTI;
				LastSwiftUpdateCheck = 0830;
				LastUpgradeCheck = 1020;
				ORGANIZATIONNAME = tcoding.cn;
				TargetAttributes = {
					607FACCF1AFB9204008FA782 = {
						CreatedOnToolsVersion = 6.3.1;
						LastSwiftMigration = 1020;
					};
				};
			};
			buildConfigurationList = 607FACCB1AFB9204008FA782 /* Build configuration list for PBXProject "XTInputKit" */;
			compatibilityVersion = "Xcode 3.2";
			developmentRegion = English;
			hasScannedForEncodings = 0;
			knownRegions = (
				English,
				en,
				Base,
			);
			mainGroup = 607FACC71AFB9204008FA782;
			productRefGroup = 607FACD11AFB9204008FA782 /* Products */;
			projectDirPath = "";
			projectRoot = "";
			targets = (
				607FACCF1AFB9204008FA782 /* XTInputKit_Example */,
			);
		};
/* End PBXProject section */

/* Begin PBXResourcesBuildPhase section */
		607FACCE1AFB9204008FA782 /* Resources */ = {
			isa = PBXResourcesBuildPhase;
			buildActionMask = 2147483647;
			files = (
				607FACDD1AFB9204008FA782 /* Images.xcassets in Resources */,
				5E8750A5224A021A00E1A01E /* LaunchScreen.storyboard in Resources */,
				5E8750A7224A022500E1A01E /* Storyboard.storyboard in Resources */,
			);
			runOnlyForDeploymentPostprocessing = 0;
		};
/* End PBXResourcesBuildPhase section */

/* Begin PBXShellScriptBuildPhase section */
		60D63D75269A1A5A7906AA29 /* [CP] Check Pods Manifest.lock */ = {
			isa = PBXShellScriptBuildPhase;
			buildActionMask = 2147483647;
			files = (
			);
			inputFileListPaths = (
			);
			inputPaths = (
				"${PODS_PODFILE_DIR_PATH}/Podfile.lock",
				"${PODS_ROOT}/Manifest.lock",
			);
			name = "[CP] Check Pods Manifest.lock";
			outputFileListPaths = (
			);
			outputPaths = (
				"$(DERIVED_FILE_DIR)/Pods-XTInputKit_Example-checkManifestLockResult.txt",
			);
			runOnlyForDeploymentPostprocessing = 0;
			shellPath = /bin/sh;
			shellScript = "diff \"${PODS_PODFILE_DIR_PATH}/Podfile.lock\" \"${PODS_ROOT}/Manifest.lock\" > /dev/null\nif [ $? != 0 ] ; then\n    # print error to STDERR\n    echo \"error: The sandbox is not in sync with the Podfile.lock. Run 'pod install' or update your CocoaPods installation.\" >&2\n    exit 1\nfi\n# This output is used by Xcode 'outputs' to avoid re-running this script phase.\necho \"SUCCESS\" > \"${SCRIPT_OUTPUT_FILE_0}\"\n";
			showEnvVarsInLog = 0;
		};
		80749585FB6933E7A862177C /* [CP] Embed Pods Frameworks */ = {
			isa = PBXShellScriptBuildPhase;
			buildActionMask = 2147483647;
			files = (
			);
			inputPaths = (
				"${PODS_ROOT}/Target Support Files/Pods-XTInputKit_Example/Pods-XTInputKit_Example-frameworks.sh",
				"${BUILT_PRODUCTS_DIR}/XTInputKit/XTInputKit.framework",
			);
			name = "[CP] Embed Pods Frameworks";
			outputPaths = (
				"${TARGET_BUILD_DIR}/${FRAMEWORKS_FOLDER_PATH}/XTInputKit.framework",
			);
			runOnlyForDeploymentPostprocessing = 0;
			shellPath = /bin/sh;
			shellScript = "\"${PODS_ROOT}/Target Support Files/Pods-XTInputKit_Example/Pods-XTInputKit_Example-frameworks.sh\"\n";
			showEnvVarsInLog = 0;
		};
/* End PBXShellScriptBuildPhase section */

/* Begin PBXSourcesBuildPhase section */
		607FACCC1AFB9204008FA782 /* Sources */ = {
			isa = PBXSourcesBuildPhase;
			buildActionMask = 2147483647;
			files = (
				607FACD81AFB9204008FA782 /* ViewController.swift in Sources */,
				607FACD61AFB9204008FA782 /* AppDelegate.swift in Sources */,
				5E87509A2249FBC500E1A01E /* XTIObserverTest.swift in Sources */,
				5E8750992249FBC500E1A01E /* XTIDivViewController.swift in Sources */,
				5E87509C2249FBCF00E1A01E /* XTINavigationController.swift in Sources */,
				5E8750942249FBC500E1A01E /* XTIKeyChainViewController.swift in Sources */,
			);
			runOnlyForDeploymentPostprocessing = 0;
		};
/* End PBXSourcesBuildPhase section */

/* Begin XCBuildConfiguration section */
		607FACED1AFB9204008FA782 /* Debug */ = {
			isa = XCBuildConfiguration;
			buildSettings = {
				ALWAYS_SEARCH_USER_PATHS = NO;
				CLANG_ANALYZER_LOCALIZABILITY_NONLOCALIZED = YES;
				CLANG_CXX_LANGUAGE_STANDARD = "gnu++0x";
				CLANG_CXX_LIBRARY = "libc++";
				CLANG_ENABLE_MODULES = YES;
				CLANG_ENABLE_OBJC_ARC = YES;
				CLANG_WARN_BLOCK_CAPTURE_AUTORELEASING = YES;
				CLANG_WARN_BOOL_CONVERSION = YES;
				CLANG_WARN_COMMA = YES;
				CLANG_WARN_CONSTANT_CONVERSION = YES;
				CLANG_WARN_DEPRECATED_OBJC_IMPLEMENTATIONS = YES;
				CLANG_WARN_DIRECT_OBJC_ISA_USAGE = YES_ERROR;
				CLANG_WARN_EMPTY_BODY = YES;
				CLANG_WARN_ENUM_CONVERSION = YES;
				CLANG_WARN_INFINITE_RECURSION = YES;
				CLANG_WARN_INT_CONVERSION = YES;
				CLANG_WARN_NON_LITERAL_NULL_CONVERSION = YES;
				CLANG_WARN_OBJC_IMPLICIT_RETAIN_SELF = YES;
				CLANG_WARN_OBJC_LITERAL_CONVERSION = YES;
				CLANG_WARN_OBJC_ROOT_CLASS = YES_ERROR;
				CLANG_WARN_RANGE_LOOP_ANALYSIS = YES;
				CLANG_WARN_STRICT_PROTOTYPES = YES;
				CLANG_WARN_SUSPICIOUS_MOVE = YES;
				CLANG_WARN_UNREACHABLE_CODE = YES;
				CLANG_WARN__DUPLICATE_METHOD_MATCH = YES;
				"CODE_SIGN_IDENTITY[sdk=iphoneos*]" = "iPhone Developer";
				COPY_PHASE_STRIP = NO;
				DEBUG_INFORMATION_FORMAT = "dwarf-with-dsym";
				ENABLE_STRICT_OBJC_MSGSEND = YES;
				ENABLE_TESTABILITY = YES;
				GCC_C_LANGUAGE_STANDARD = gnu99;
				GCC_DYNAMIC_NO_PIC = NO;
				GCC_NO_COMMON_BLOCKS = YES;
				GCC_OPTIMIZATION_LEVEL = 0;
				GCC_PREPROCESSOR_DEFINITIONS = (
					"DEBUG=1",
					"$(inherited)",
				);
				GCC_SYMBOLS_PRIVATE_EXTERN = NO;
				GCC_WARN_64_TO_32_BIT_CONVERSION = YES;
				GCC_WARN_ABOUT_RETURN_TYPE = YES_ERROR;
				GCC_WARN_UNDECLARED_SELECTOR = YES;
				GCC_WARN_UNINITIALIZED_AUTOS = YES_AGGRESSIVE;
				GCC_WARN_UNUSED_FUNCTION = YES;
				GCC_WARN_UNUSED_VARIABLE = YES;
				IPHONEOS_DEPLOYMENT_TARGET = 9.3;
				MTL_ENABLE_DEBUG_INFO = YES;
				ONLY_ACTIVE_ARCH = YES;
				SDKROOT = iphoneos;
				SWIFT_OPTIMIZATION_LEVEL = "-Onone";
			};
			name = Debug;
		};
		607FACEE1AFB9204008FA782 /* Release */ = {
			isa = XCBuildConfiguration;
			buildSettings = {
				ALWAYS_SEARCH_USER_PATHS = NO;
				CLANG_ANALYZER_LOCALIZABILITY_NONLOCALIZED = YES;
				CLANG_CXX_LANGUAGE_STANDARD = "gnu++0x";
				CLANG_CXX_LIBRARY = "libc++";
				CLANG_ENABLE_MODULES = YES;
				CLANG_ENABLE_OBJC_ARC = YES;
				CLANG_WARN_BLOCK_CAPTURE_AUTORELEASING = YES;
				CLANG_WARN_BOOL_CONVERSION = YES;
				CLANG_WARN_COMMA = YES;
				CLANG_WARN_CONSTANT_CONVERSION = YES;
				CLANG_WARN_DEPRECATED_OBJC_IMPLEMENTATIONS = YES;
				CLANG_WARN_DIRECT_OBJC_ISA_USAGE = YES_ERROR;
				CLANG_WARN_EMPTY_BODY = YES;
				CLANG_WARN_ENUM_CONVERSION = YES;
				CLANG_WARN_INFINITE_RECURSION = YES;
				CLANG_WARN_INT_CONVERSION = YES;
				CLANG_WARN_NON_LITERAL_NULL_CONVERSION = YES;
				CLANG_WARN_OBJC_IMPLICIT_RETAIN_SELF = YES;
				CLANG_WARN_OBJC_LITERAL_CONVERSION = YES;
				CLANG_WARN_OBJC_ROOT_CLASS = YES_ERROR;
				CLANG_WARN_RANGE_LOOP_ANALYSIS = YES;
				CLANG_WARN_STRICT_PROTOTYPES = YES;
				CLANG_WARN_SUSPICIOUS_MOVE = YES;
				CLANG_WARN_UNREACHABLE_CODE = YES;
				CLANG_WARN__DUPLICATE_METHOD_MATCH = YES;
				"CODE_SIGN_IDENTITY[sdk=iphoneos*]" = "iPhone Developer";
				COPY_PHASE_STRIP = NO;
				DEBUG_INFORMATION_FORMAT = "dwarf-with-dsym";
				ENABLE_NS_ASSERTIONS = NO;
				ENABLE_STRICT_OBJC_MSGSEND = YES;
				GCC_C_LANGUAGE_STANDARD = gnu99;
				GCC_NO_COMMON_BLOCKS = YES;
				GCC_WARN_64_TO_32_BIT_CONVERSION = YES;
				GCC_WARN_ABOUT_RETURN_TYPE = YES_ERROR;
				GCC_WARN_UNDECLARED_SELECTOR = YES;
				GCC_WARN_UNINITIALIZED_AUTOS = YES_AGGRESSIVE;
				GCC_WARN_UNUSED_FUNCTION = YES;
				GCC_WARN_UNUSED_VARIABLE = YES;
				IPHONEOS_DEPLOYMENT_TARGET = 9.3;
				MTL_ENABLE_DEBUG_INFO = NO;
				SDKROOT = iphoneos;
				SWIFT_OPTIMIZATION_LEVEL = "-Owholemodule";
				VALIDATE_PRODUCT = YES;
			};
			name = Release;
		};
		607FACF01AFB9204008FA782 /* Debug */ = {
			isa = XCBuildConfiguration;
			baseConfigurationReference = 08B1832F08A8D5DE5CDBB9C1 /* Pods-XTInputKit_Example.debug.xcconfig */;
			buildSettings = {
				ASSETCATALOG_COMPILER_APPICON_NAME = AppIcon;
				INFOPLIST_FILE = XTInputKit/Info.plist;
				IPHONEOS_DEPLOYMENT_TARGET = 9.0;
				LD_RUNPATH_SEARCH_PATHS = "$(inherited) @executable_path/Frameworks";
				MODULE_NAME = ExampleApp;
				PRODUCT_BUNDLE_IDENTIFIER = "org.cocoapods.demo.$(PRODUCT_NAME:rfc1034identifier)";
				PRODUCT_NAME = "$(TARGET_NAME)";
				SWIFT_VERSION = 5.0;
			};
			name = Debug;
		};
		607FACF11AFB9204008FA782 /* Release */ = {
			isa = XCBuildConfiguration;
			baseConfigurationReference = B5BF9C235C867792CA6F7091 /* Pods-XTInputKit_Example.release.xcconfig */;
			buildSettings = {
				ASSETCATALOG_COMPILER_APPICON_NAME = AppIcon;
				INFOPLIST_FILE = XTInputKit/Info.plist;
				IPHONEOS_DEPLOYMENT_TARGET = 9.0;
				LD_RUNPATH_SEARCH_PATHS = "$(inherited) @executable_path/Frameworks";
				MODULE_NAME = ExampleApp;
				PRODUCT_BUNDLE_IDENTIFIER = "org.cocoapods.demo.$(PRODUCT_NAME:rfc1034identifier)";
				PRODUCT_NAME = "$(TARGET_NAME)";
				SWIFT_VERSION = 5.0;
			};
			name = Release;
		};
/* End XCBuildConfiguration section */

/* Begin XCConfigurationList section */
		607FACCB1AFB9204008FA782 /* Build configuration list for PBXProject "XTInputKit" */ = {
			isa = XCConfigurationList;
			buildConfigurations = (
				607FACED1AFB9204008FA782 /* Debug */,
				607FACEE1AFB9204008FA782 /* Release */,
			);
			defaultConfigurationIsVisible = 0;
			defaultConfigurationName = Release;
		};
		607FACEF1AFB9204008FA782 /* Build configuration list for PBXNativeTarget "XTInputKit_Example" */ = {
			isa = XCConfigurationList;
			buildConfigurations = (
				607FACF01AFB9204008FA782 /* Debug */,
				607FACF11AFB9204008FA782 /* Release */,
			);
			defaultConfigurationIsVisible = 0;
			defaultConfigurationName = Release;
		};
/* End XCConfigurationList section */
	};
	rootObject = 607FACC81AFB9204008FA782 /* Project object */;
}
