PODS:
  - Alamofire (4.7.2)
  - HandyJSON (4.1.1)

DEPENDENCIES:
  - Alamofire (~> 4.7.2)
  - HandyJSON (~> 4.1.1)

SPEC REPOS:
  https://github.com/cocoapods/specs.git:
    - Alamofire
    - HandyJSON

SPEC CHECKSUMS:
  Alamofire: e4fa87002c137ba2d8d634d2c51fabcda0d5c223
  HandyJSON: 3a3de917c4118767ffe41c29b5acba23409649f4

PODFILE CHECKSUM: 492955b56451b8d50dbdc690f6343055c1f0890f

COCOAPODS: 1.5.2
