PODS:
  - Alamofire (4.7.1)
  - HandyJSON (4.1.1)

DEPENDENCIES:
  - Alamofire (~> 4.7.1)
  - HandyJSON (~> 4.1.1)

SPEC CHECKSUMS:
  Alamofire: 68d7d521118d49c615a8d2214d87cdf525599d30
  HandyJSON: 3a3de917c4118767ffe41c29b5acba23409649f4

PODFILE CHECKSUM: 8c6b1ddd0bffa29e5962382f2178c0f2167b4ee1

COCOAPODS: 1.4.0
