// !$*UTF8*$!
{
	archiveVersion = 1;
	classes = {
	};
	objectVersion = 48;
	objects = {

/* Begin PBXBuildFile section */
		98D7F97AA80D4AEB6361E077 /* Pods_XTInputKit.framework in Frameworks */ = {isa = PBXBuildFile; fileRef = 2AF3F3A44C5356F8767A272F /* Pods_XTInputKit.framework */; };
		AE58C780205B67A600A45B29 /* XTINetWorkConfig.swift in Sources */ = {isa = PBXBuildFile; fileRef = AE58C77F205B67A600A45B29 /* XTINetWorkConfig.swift */; };
		AE58C783205B6E4400A45B29 /* XTIBaseRequest.swift in Sources */ = {isa = PBXBuildFile; fileRef = AE58C782205B6E4400A45B29 /* XTIBaseRequest.swift */; };
		AE58C78C205BCDDF00A45B29 /* XTIKeyChainTool.swift in Sources */ = {isa = PBXBuildFile; fileRef = AE58C78B205BCDDF00A45B29 /* XTIKeyChainTool.swift */; };
		AE58C790205E597700A45B29 /* XTIKeyChainViewController.swift in Sources */ = {isa = PBXBuildFile; fileRef = AE58C78F205E597700A45B29 /* XTIKeyChainViewController.swift */; };
		AE58C7932060031E00A45B29 /* XTINetWorkViewController.swift in Sources */ = {isa = PBXBuildFile; fileRef = AE58C7922060031E00A45B29 /* XTINetWorkViewController.swift */; };
		AE58C7962060E56600A45B29 /* XTITestResult.swift in Sources */ = {isa = PBXBuildFile; fileRef = AE58C7952060E56600A45B29 /* XTITestResult.swift */; };
		AE58C7982060E57C00A45B29 /* XTITest1Request.swift in Sources */ = {isa = PBXBuildFile; fileRef = AE58C7972060E57C00A45B29 /* XTITest1Request.swift */; };
		AE58C79C2060E59300A45B29 /* XTITestRequest.swift in Sources */ = {isa = PBXBuildFile; fileRef = AE58C79B2060E59300A45B29 /* XTITestRequest.swift */; };
		AE58C7A02060F7F400A45B29 /* XTIHandyJSON.swift in Sources */ = {isa = PBXBuildFile; fileRef = AE58C79F2060F7F400A45B29 /* XTIHandyJSON.swift */; };
		AE5DC3AE202A9C4100F2D8B7 /* ViewController.swift in Sources */ = {isa = PBXBuildFile; fileRef = AE5DC3A7202A9C4100F2D8B7 /* ViewController.swift */; };
		AE5DC3AF202A9C4100F2D8B7 /* LaunchScreen.storyboard in Resources */ = {isa = PBXBuildFile; fileRef = AE5DC3A8202A9C4100F2D8B7 /* LaunchScreen.storyboard */; };
		AE5DC3B0202A9C4100F2D8B7 /* XTINavigationController.swift in Sources */ = {isa = PBXBuildFile; fileRef = AE5DC3A9202A9C4100F2D8B7 /* XTINavigationController.swift */; };
		AE5DC3B1202A9C4100F2D8B7 /* Assets.xcassets in Resources */ = {isa = PBXBuildFile; fileRef = AE5DC3AA202A9C4100F2D8B7 /* Assets.xcassets */; };
		AE5DC3B2202A9C4100F2D8B7 /* AppDelegate.swift in Sources */ = {isa = PBXBuildFile; fileRef = AE5DC3AB202A9C4100F2D8B7 /* AppDelegate.swift */; };
		AE5DC3B3202A9C4100F2D8B7 /* Storyboard.storyboard in Resources */ = {isa = PBXBuildFile; fileRef = AE5DC3AC202A9C4100F2D8B7 /* Storyboard.storyboard */; };
		AE5EACAD20256FB6002FDD91 /* XTIColor+.m in Sources */ = {isa = PBXBuildFile; fileRef = AE5EACAC20256FB6002FDD91 /* XTIColor+.m */; };
		AE66B903201C58E7002E3FFF /* UITabBarController+.swift in Sources */ = {isa = PBXBuildFile; fileRef = AE66B902201C58E7002E3FFF /* UITabBarController+.swift */; };
		AE66B909201F1DCA002E3FFF /* XTITool.swift in Sources */ = {isa = PBXBuildFile; fileRef = AE66B908201F1DCA002E3FFF /* XTITool.swift */; };
		AE8D70CB2012F4EA002E3580 /* XTIView+.swift in Sources */ = {isa = PBXBuildFile; fileRef = AE8D70B42012F4EA002E3580 /* XTIView+.swift */; };
		AE8D70CC2012F4EA002E3580 /* XTIButton+.swift in Sources */ = {isa = PBXBuildFile; fileRef = AE8D70B52012F4EA002E3580 /* XTIButton+.swift */; };
		AE8D70CD2012F4EA002E3580 /* XTIColor+.swift in Sources */ = {isa = PBXBuildFile; fileRef = AE8D70B62012F4EA002E3580 /* XTIColor+.swift */; };
		AE8D70CE2012F4EA002E3580 /* XTIImage+.swift in Sources */ = {isa = PBXBuildFile; fileRef = AE8D70B72012F4EA002E3580 /* XTIImage+.swift */; };
		AE8D70CF2012F4EA002E3580 /* XTIViewController+.swift in Sources */ = {isa = PBXBuildFile; fileRef = AE8D70B82012F4EA002E3580 /* XTIViewController+.swift */; };
		AE8D70D02012F4EA002E3580 /* XTINavigationController+.swift in Sources */ = {isa = PBXBuildFile; fileRef = AE8D70B92012F4EA002E3580 /* XTINavigationController+.swift */; };
		AE8D70D12012F4EA002E3580 /* XTIString+.swift in Sources */ = {isa = PBXBuildFile; fileRef = AE8D70BB2012F4EA002E3580 /* XTIString+.swift */; };
		AE8D70D22012F4EA002E3580 /* XTIDate+.swift in Sources */ = {isa = PBXBuildFile; fileRef = AE8D70BC2012F4EA002E3580 /* XTIDate+.swift */; };
		AE8D70D32012F4EA002E3580 /* XTIDevice+.swift in Sources */ = {isa = PBXBuildFile; fileRef = AE8D70BD2012F4EA002E3580 /* XTIDevice+.swift */; };
		AE8D70D42012F4EA002E3580 /* XTIDispatchQueue+.swift in Sources */ = {isa = PBXBuildFile; fileRef = AE8D70BE2012F4EA002E3580 /* XTIDispatchQueue+.swift */; };
		AE8D70D52012F4EA002E3580 /* XTIBaseNameNamespace.swift in Sources */ = {isa = PBXBuildFile; fileRef = AE8D70BF2012F4EA002E3580 /* XTIBaseNameNamespace.swift */; };
		AE8D70D62012F4EA002E3580 /* XTILoger.swift in Sources */ = {isa = PBXBuildFile; fileRef = AE8D70C12012F4EA002E3580 /* XTILoger.swift */; };
		AE8D70D72012F4EA002E3580 /* XTIMacros.swift in Sources */ = {isa = PBXBuildFile; fileRef = AE8D70C32012F4EA002E3580 /* XTIMacros.swift */; };
		AE8D70D82012F4EA002E3580 /* XTIObserver.swift in Sources */ = {isa = PBXBuildFile; fileRef = AE8D70C42012F4EA002E3580 /* XTIObserver.swift */; };
		AE8D70D92012F4EA002E3580 /* XTIViewController+.m in Sources */ = {isa = PBXBuildFile; fileRef = AE8D70C82012F4EA002E3580 /* XTIViewController+.m */; };
		AE8D70DA2012F4EA002E3580 /* XTINavigationController+.m in Sources */ = {isa = PBXBuildFile; fileRef = AE8D70C92012F4EA002E3580 /* XTINavigationController+.m */; };
		AECEFFC8201C2C6300B96754 /* NSObject+.swift in Sources */ = {isa = PBXBuildFile; fileRef = AECEFFC7201C2C6300B96754 /* NSObject+.swift */; };
/* End PBXBuildFile section */

/* Begin PBXFileReference section */
		2AF3F3A44C5356F8767A272F /* Pods_XTInputKit.framework */ = {isa = PBXFileReference; explicitFileType = wrapper.framework; includeInIndex = 0; path = Pods_XTInputKit.framework; sourceTree = BUILT_PRODUCTS_DIR; };
		6A600A70D7327E7F9503916A /* Pods-XTInputKit.release.xcconfig */ = {isa = PBXFileReference; includeInIndex = 1; lastKnownFileType = text.xcconfig; name = "Pods-XTInputKit.release.xcconfig"; path = "../Pods/Target Support Files/Pods-XTInputKit/Pods-XTInputKit.release.xcconfig"; sourceTree = "<group>"; };
		AE58C77F205B67A600A45B29 /* XTINetWorkConfig.swift */ = {isa = PBXFileReference; lastKnownFileType = sourcecode.swift; path = XTINetWorkConfig.swift; sourceTree = "<group>"; };
		AE58C782205B6E4400A45B29 /* XTIBaseRequest.swift */ = {isa = PBXFileReference; lastKnownFileType = sourcecode.swift; path = XTIBaseRequest.swift; sourceTree = "<group>"; };
		AE58C78A205BCD5E00A45B29 /* XTInputKit.entitlements */ = {isa = PBXFileReference; lastKnownFileType = text.plist.entitlements; path = XTInputKit.entitlements; sourceTree = "<group>"; };
		AE58C78B205BCDDF00A45B29 /* XTIKeyChainTool.swift */ = {isa = PBXFileReference; lastKnownFileType = sourcecode.swift; path = XTIKeyChainTool.swift; sourceTree = "<group>"; };
		AE58C78F205E597700A45B29 /* XTIKeyChainViewController.swift */ = {isa = PBXFileReference; lastKnownFileType = sourcecode.swift; path = XTIKeyChainViewController.swift; sourceTree = "<group>"; };
		AE58C7922060031E00A45B29 /* XTINetWorkViewController.swift */ = {isa = PBXFileReference; lastKnownFileType = sourcecode.swift; path = XTINetWorkViewController.swift; sourceTree = "<group>"; };
		AE58C7952060E56600A45B29 /* XTITestResult.swift */ = {isa = PBXFileReference; lastKnownFileType = sourcecode.swift; path = XTITestResult.swift; sourceTree = "<group>"; };
		AE58C7972060E57C00A45B29 /* XTITest1Request.swift */ = {isa = PBXFileReference; lastKnownFileType = sourcecode.swift; path = XTITest1Request.swift; sourceTree = "<group>"; };
		AE58C79B2060E59300A45B29 /* XTITestRequest.swift */ = {isa = PBXFileReference; lastKnownFileType = sourcecode.swift; path = XTITestRequest.swift; sourceTree = "<group>"; };
		AE58C79F2060F7F400A45B29 /* XTIHandyJSON.swift */ = {isa = PBXFileReference; lastKnownFileType = sourcecode.swift; path = XTIHandyJSON.swift; sourceTree = "<group>"; };
		AE5DC3A7202A9C4100F2D8B7 /* ViewController.swift */ = {isa = PBXFileReference; fileEncoding = 4; lastKnownFileType = sourcecode.swift; path = ViewController.swift; sourceTree = "<group>"; };
		AE5DC3A8202A9C4100F2D8B7 /* LaunchScreen.storyboard */ = {isa = PBXFileReference; fileEncoding = 4; lastKnownFileType = file.storyboard; path = LaunchScreen.storyboard; sourceTree = "<group>"; };
		AE5DC3A9202A9C4100F2D8B7 /* XTINavigationController.swift */ = {isa = PBXFileReference; fileEncoding = 4; lastKnownFileType = sourcecode.swift; path = XTINavigationController.swift; sourceTree = "<group>"; };
		AE5DC3AA202A9C4100F2D8B7 /* Assets.xcassets */ = {isa = PBXFileReference; lastKnownFileType = folder.assetcatalog; path = Assets.xcassets; sourceTree = "<group>"; };
		AE5DC3AB202A9C4100F2D8B7 /* AppDelegate.swift */ = {isa = PBXFileReference; fileEncoding = 4; lastKnownFileType = sourcecode.swift; path = AppDelegate.swift; sourceTree = "<group>"; };
		AE5DC3AC202A9C4100F2D8B7 /* Storyboard.storyboard */ = {isa = PBXFileReference; fileEncoding = 4; lastKnownFileType = file.storyboard; path = Storyboard.storyboard; sourceTree = "<group>"; };
		AE5DC3AD202A9C4100F2D8B7 /* Info.plist */ = {isa = PBXFileReference; fileEncoding = 4; lastKnownFileType = text.plist.xml; path = Info.plist; sourceTree = "<group>"; };
		AE5DC3B5202A9CA900F2D8B7 /* ObjC.h */ = {isa = PBXFileReference; lastKnownFileType = sourcecode.c.h; path = ObjC.h; sourceTree = "<group>"; };
		AE5DC3B7202A9D7600F2D8B7 /* Common.h */ = {isa = PBXFileReference; lastKnownFileType = sourcecode.c.h; path = Common.h; sourceTree = "<group>"; };
		AE5EACAB20256FB6002FDD91 /* XTIColor+.h */ = {isa = PBXFileReference; lastKnownFileType = sourcecode.c.h; path = "XTIColor+.h"; sourceTree = "<group>"; };
		AE5EACAC20256FB6002FDD91 /* XTIColor+.m */ = {isa = PBXFileReference; lastKnownFileType = sourcecode.c.objc; path = "XTIColor+.m"; sourceTree = "<group>"; };
		AE66B902201C58E7002E3FFF /* UITabBarController+.swift */ = {isa = PBXFileReference; lastKnownFileType = sourcecode.swift; path = "UITabBarController+.swift"; sourceTree = "<group>"; };
		AE66B908201F1DCA002E3FFF /* XTITool.swift */ = {isa = PBXFileReference; lastKnownFileType = sourcecode.swift; path = XTITool.swift; sourceTree = "<group>"; };
		AE8D709C2012F4CD002E3580 /* XTInputKit.app */ = {isa = PBXFileReference; explicitFileType = wrapper.application; includeInIndex = 0; path = XTInputKit.app; sourceTree = BUILT_PRODUCTS_DIR; };
		AE8D70B42012F4EA002E3580 /* XTIView+.swift */ = {isa = PBXFileReference; fileEncoding = 4; lastKnownFileType = sourcecode.swift; path = "XTIView+.swift"; sourceTree = "<group>"; };
		AE8D70B52012F4EA002E3580 /* XTIButton+.swift */ = {isa = PBXFileReference; fileEncoding = 4; lastKnownFileType = sourcecode.swift; path = "XTIButton+.swift"; sourceTree = "<group>"; };
		AE8D70B62012F4EA002E3580 /* XTIColor+.swift */ = {isa = PBXFileReference; fileEncoding = 4; lastKnownFileType = sourcecode.swift; path = "XTIColor+.swift"; sourceTree = "<group>"; };
		AE8D70B72012F4EA002E3580 /* XTIImage+.swift */ = {isa = PBXFileReference; fileEncoding = 4; lastKnownFileType = sourcecode.swift; path = "XTIImage+.swift"; sourceTree = "<group>"; };
		AE8D70B82012F4EA002E3580 /* XTIViewController+.swift */ = {isa = PBXFileReference; fileEncoding = 4; lastKnownFileType = sourcecode.swift; path = "XTIViewController+.swift"; sourceTree = "<group>"; };
		AE8D70B92012F4EA002E3580 /* XTINavigationController+.swift */ = {isa = PBXFileReference; fileEncoding = 4; lastKnownFileType = sourcecode.swift; path = "XTINavigationController+.swift"; sourceTree = "<group>"; };
		AE8D70BB2012F4EA002E3580 /* XTIString+.swift */ = {isa = PBXFileReference; fileEncoding = 4; lastKnownFileType = sourcecode.swift; path = "XTIString+.swift"; sourceTree = "<group>"; };
		AE8D70BC2012F4EA002E3580 /* XTIDate+.swift */ = {isa = PBXFileReference; fileEncoding = 4; lastKnownFileType = sourcecode.swift; path = "XTIDate+.swift"; sourceTree = "<group>"; };
		AE8D70BD2012F4EA002E3580 /* XTIDevice+.swift */ = {isa = PBXFileReference; fileEncoding = 4; lastKnownFileType = sourcecode.swift; path = "XTIDevice+.swift"; sourceTree = "<group>"; };
		AE8D70BE2012F4EA002E3580 /* XTIDispatchQueue+.swift */ = {isa = PBXFileReference; fileEncoding = 4; lastKnownFileType = sourcecode.swift; path = "XTIDispatchQueue+.swift"; sourceTree = "<group>"; };
		AE8D70BF2012F4EA002E3580 /* XTIBaseNameNamespace.swift */ = {isa = PBXFileReference; fileEncoding = 4; lastKnownFileType = sourcecode.swift; path = XTIBaseNameNamespace.swift; sourceTree = "<group>"; };
		AE8D70C12012F4EA002E3580 /* XTILoger.swift */ = {isa = PBXFileReference; fileEncoding = 4; lastKnownFileType = sourcecode.swift; path = XTILoger.swift; sourceTree = "<group>"; };
		AE8D70C32012F4EA002E3580 /* XTIMacros.swift */ = {isa = PBXFileReference; fileEncoding = 4; lastKnownFileType = sourcecode.swift; path = XTIMacros.swift; sourceTree = "<group>"; };
		AE8D70C42012F4EA002E3580 /* XTIObserver.swift */ = {isa = PBXFileReference; fileEncoding = 4; lastKnownFileType = sourcecode.swift; path = XTIObserver.swift; sourceTree = "<group>"; };
		AE8D70C62012F4EA002E3580 /* XTIViewController+.h */ = {isa = PBXFileReference; fileEncoding = 4; lastKnownFileType = sourcecode.c.h; path = "XTIViewController+.h"; sourceTree = "<group>"; };
		AE8D70C72012F4EA002E3580 /* XTINavigationController+.h */ = {isa = PBXFileReference; fileEncoding = 4; lastKnownFileType = sourcecode.c.h; path = "XTINavigationController+.h"; sourceTree = "<group>"; };
		AE8D70C82012F4EA002E3580 /* XTIViewController+.m */ = {isa = PBXFileReference; fileEncoding = 4; lastKnownFileType = sourcecode.c.objc; path = "XTIViewController+.m"; sourceTree = "<group>"; };
		AE8D70C92012F4EA002E3580 /* XTINavigationController+.m */ = {isa = PBXFileReference; fileEncoding = 4; lastKnownFileType = sourcecode.c.objc; path = "XTINavigationController+.m"; sourceTree = "<group>"; };
		AE8D70CA2012F4EA002E3580 /* XTInputKit-ObjC.h */ = {isa = PBXFileReference; fileEncoding = 4; lastKnownFileType = sourcecode.c.h; path = "XTInputKit-ObjC.h"; sourceTree = "<group>"; };
		AECEFFC7201C2C6300B96754 /* NSObject+.swift */ = {isa = PBXFileReference; lastKnownFileType = sourcecode.swift; path = "NSObject+.swift"; sourceTree = "<group>"; };
		EEB07AFBD8A4CCF7B477ADE4 /* Pods-XTInputKit.debug.xcconfig */ = {isa = PBXFileReference; includeInIndex = 1; lastKnownFileType = text.xcconfig; name = "Pods-XTInputKit.debug.xcconfig"; path = "../Pods/Target Support Files/Pods-XTInputKit/Pods-XTInputKit.debug.xcconfig"; sourceTree = "<group>"; };
/* End PBXFileReference section */

/* Begin PBXFrameworksBuildPhase section */
		AE8D70992012F4CD002E3580 /* Frameworks */ = {
			isa = PBXFrameworksBuildPhase;
			buildActionMask = 2147483647;
			files = (
				98D7F97AA80D4AEB6361E077 /* Pods_XTInputKit.framework in Frameworks */,
			);
			runOnlyForDeploymentPostprocessing = 0;
		};
/* End PBXFrameworksBuildPhase section */

/* Begin PBXGroup section */
		8BEE0E5ED7C9F0D797D2A410 /* Pods */ = {
			isa = PBXGroup;
			children = (
				EEB07AFBD8A4CCF7B477ADE4 /* Pods-XTInputKit.debug.xcconfig */,
				6A600A70D7327E7F9503916A /* Pods-XTInputKit.release.xcconfig */,
			);
			name = Pods;
			sourceTree = "<group>";
		};
		A7A7AAC10B401D5CECB2EE94 /* Frameworks */ = {
			isa = PBXGroup;
			children = (
				2AF3F3A44C5356F8767A272F /* Pods_XTInputKit.framework */,
			);
			name = Frameworks;
			sourceTree = "<group>";
		};
		AE58C77E205B670D00A45B29 /* Network */ = {
			isa = PBXGroup;
			children = (
				AE58C77F205B67A600A45B29 /* XTINetWorkConfig.swift */,
				AE58C782205B6E4400A45B29 /* XTIBaseRequest.swift */,
				AE58C79F2060F7F400A45B29 /* XTIHandyJSON.swift */,
			);
			path = Network;
			sourceTree = "<group>";
		};
		AE58C781205B683200A45B29 /* Test */ = {
			isa = PBXGroup;
			children = (
				AE58C7942060E53800A45B29 /* NetWork */,
				AE58C78F205E597700A45B29 /* XTIKeyChainViewController.swift */,
				AE58C7922060031E00A45B29 /* XTINetWorkViewController.swift */,
			);
			path = Test;
			sourceTree = "<group>";
		};
		AE58C7942060E53800A45B29 /* NetWork */ = {
			isa = PBXGroup;
			children = (
				AE58C7952060E56600A45B29 /* XTITestResult.swift */,
				AE58C79B2060E59300A45B29 /* XTITestRequest.swift */,
				AE58C7972060E57C00A45B29 /* XTITest1Request.swift */,
			);
			path = NetWork;
			sourceTree = "<group>";
		};
		AE5DC3A6202A9C4100F2D8B7 /* XTInputKit */ = {
			isa = PBXGroup;
			children = (
				AE58C78A205BCD5E00A45B29 /* XTInputKit.entitlements */,
				AE58C781205B683200A45B29 /* Test */,
				AE5DC3A7202A9C4100F2D8B7 /* ViewController.swift */,
				AE5DC3A8202A9C4100F2D8B7 /* LaunchScreen.storyboard */,
				AE5DC3A9202A9C4100F2D8B7 /* XTINavigationController.swift */,
				AE5DC3AA202A9C4100F2D8B7 /* Assets.xcassets */,
				AE5DC3AB202A9C4100F2D8B7 /* AppDelegate.swift */,
				AE5DC3AC202A9C4100F2D8B7 /* Storyboard.storyboard */,
				AE5DC3AD202A9C4100F2D8B7 /* Info.plist */,
			);
			path = XTInputKit;
			sourceTree = "<group>";
		};
		AE5DC3B6202A9CD600F2D8B7 /* Common */ = {
			isa = PBXGroup;
			children = (
				AE5EACAB20256FB6002FDD91 /* XTIColor+.h */,
				AE5EACAC20256FB6002FDD91 /* XTIColor+.m */,
				AE8D70C62012F4EA002E3580 /* XTIViewController+.h */,
				AE8D70C82012F4EA002E3580 /* XTIViewController+.m */,
				AE8D70C72012F4EA002E3580 /* XTINavigationController+.h */,
				AE8D70C92012F4EA002E3580 /* XTINavigationController+.m */,
				AE5DC3B7202A9D7600F2D8B7 /* Common.h */,
			);
			path = Common;
			sourceTree = "<group>";
		};
		AE5DC3B8202A9DAC00F2D8B7 /* Swift */ = {
			isa = PBXGroup;
			children = (
				AE58C77E205B670D00A45B29 /* Network */,
				AE8D70B22012F4EA002E3580 /* Extension */,
				AE8D70C02012F4EA002E3580 /* XTILoger */,
				AE8D70C22012F4EA002E3580 /* Class */,
			);
			path = Swift;
			sourceTree = "<group>";
		};
		AE8D70932012F4CD002E3580 = {
			isa = PBXGroup;
			children = (
				AE8D70B12012F4EA002E3580 /* Source */,
				AE5DC3A6202A9C4100F2D8B7 /* XTInputKit */,
				AE8D709D2012F4CD002E3580 /* Products */,
				8BEE0E5ED7C9F0D797D2A410 /* Pods */,
				A7A7AAC10B401D5CECB2EE94 /* Frameworks */,
			);
			sourceTree = "<group>";
		};
		AE8D709D2012F4CD002E3580 /* Products */ = {
			isa = PBXGroup;
			children = (
				AE8D709C2012F4CD002E3580 /* XTInputKit.app */,
			);
			name = Products;
			sourceTree = "<group>";
		};
		AE8D70B12012F4EA002E3580 /* Source */ = {
			isa = PBXGroup;
			children = (
				AE8D70CA2012F4EA002E3580 /* XTInputKit-ObjC.h */,
				AE5DC3B8202A9DAC00F2D8B7 /* Swift */,
				AE5DC3B6202A9CD600F2D8B7 /* Common */,
				AE8D70C52012F4EA002E3580 /* ObjC */,
			);
			name = Source;
			path = ../Source;
			sourceTree = "<group>";
		};
		AE8D70B22012F4EA002E3580 /* Extension */ = {
			isa = PBXGroup;
			children = (
				AE8D70B32012F4EA002E3580 /* UIKit */,
				AE8D70BA2012F4EA002E3580 /* Foundation */,
				AE8D70BF2012F4EA002E3580 /* XTIBaseNameNamespace.swift */,
			);
			path = Extension;
			sourceTree = "<group>";
		};
		AE8D70B32012F4EA002E3580 /* UIKit */ = {
			isa = PBXGroup;
			children = (
				AE8D70B42012F4EA002E3580 /* XTIView+.swift */,
				AE8D70B52012F4EA002E3580 /* XTIButton+.swift */,
				AE8D70B62012F4EA002E3580 /* XTIColor+.swift */,
				AE8D70B72012F4EA002E3580 /* XTIImage+.swift */,
				AE8D70B82012F4EA002E3580 /* XTIViewController+.swift */,
				AE66B902201C58E7002E3FFF /* UITabBarController+.swift */,
				AE8D70B92012F4EA002E3580 /* XTINavigationController+.swift */,
			);
			path = UIKit;
			sourceTree = "<group>";
		};
		AE8D70BA2012F4EA002E3580 /* Foundation */ = {
			isa = PBXGroup;
			children = (
				AE8D70BB2012F4EA002E3580 /* XTIString+.swift */,
				AE8D70BC2012F4EA002E3580 /* XTIDate+.swift */,
				AE8D70BD2012F4EA002E3580 /* XTIDevice+.swift */,
				AE8D70BE2012F4EA002E3580 /* XTIDispatchQueue+.swift */,
				AECEFFC7201C2C6300B96754 /* NSObject+.swift */,
			);
			path = Foundation;
			sourceTree = "<group>";
		};
		AE8D70C02012F4EA002E3580 /* XTILoger */ = {
			isa = PBXGroup;
			children = (
				AE8D70C12012F4EA002E3580 /* XTILoger.swift */,
			);
			path = XTILoger;
			sourceTree = "<group>";
		};
		AE8D70C22012F4EA002E3580 /* Class */ = {
			isa = PBXGroup;
			children = (
				AE8D70C32012F4EA002E3580 /* XTIMacros.swift */,
				AE8D70C42012F4EA002E3580 /* XTIObserver.swift */,
				AE66B908201F1DCA002E3FFF /* XTITool.swift */,
				AE58C78B205BCDDF00A45B29 /* XTIKeyChainTool.swift */,
			);
			path = Class;
			sourceTree = "<group>";
		};
		AE8D70C52012F4EA002E3580 /* ObjC */ = {
			isa = PBXGroup;
			children = (
				AE5DC3B5202A9CA900F2D8B7 /* ObjC.h */,
			);
			path = ObjC;
			sourceTree = "<group>";
		};
/* End PBXGroup section */

/* Begin PBXNativeTarget section */
		AE8D709B2012F4CD002E3580 /* XTInputKit */ = {
			isa = PBXNativeTarget;
			buildConfigurationList = AE8D70AE2012F4CD002E3580 /* Build configuration list for PBXNativeTarget "XTInputKit" */;
			buildPhases = (
				731DBC6DCD60ADA0E2E638AC /* [CP] Check Pods Manifest.lock */,
				AE8D70982012F4CD002E3580 /* Sources */,
				AE8D70992012F4CD002E3580 /* Frameworks */,
				AE8D709A2012F4CD002E3580 /* Resources */,
				05C9A0FC2C91E472C6C3EEEC /* [CP] Embed Pods Frameworks */,
				4BDC2E94381F0A6DCCA57AC0 /* [CP] Copy Pods Resources */,
			);
			buildRules = (
			);
			dependencies = (
			);
			name = XTInputKit;
			productName = XTInputKitDemo;
			productReference = AE8D709C2012F4CD002E3580 /* XTInputKit.app */;
			productType = "com.apple.product-type.application";
		};
/* End PBXNativeTarget section */

/* Begin PBXProject section */
		AE8D70942012F4CD002E3580 /* Project object */ = {
			isa = PBXProject;
			attributes = {
				CLASSPREFIX = XTI;
				LastSwiftUpdateCheck = 0920;
				LastUpgradeCheck = 0930;
				ORGANIZATIONNAME = input;
				TargetAttributes = {
					AE8D709B2012F4CD002E3580 = {
						CreatedOnToolsVersion = 9.2;
						ProvisioningStyle = Automatic;
						SystemCapabilities = {
							com.apple.Keychain = {
								enabled = 1;
							};
						};
					};
				};
			};
			buildConfigurationList = AE8D70972012F4CD002E3580 /* Build configuration list for PBXProject "XTInputKit" */;
			compatibilityVersion = "Xcode 8.0";
			developmentRegion = en;
			hasScannedForEncodings = 0;
			knownRegions = (
				en,
				Base,
			);
			mainGroup = AE8D70932012F4CD002E3580;
			productRefGroup = AE8D709D2012F4CD002E3580 /* Products */;
			projectDirPath = "";
			projectRoot = "";
			targets = (
				AE8D709B2012F4CD002E3580 /* XTInputKit */,
			);
		};
/* End PBXProject section */

/* Begin PBXResourcesBuildPhase section */
		AE8D709A2012F4CD002E3580 /* Resources */ = {
			isa = PBXResourcesBuildPhase;
			buildActionMask = 2147483647;
			files = (
				AE5DC3B1202A9C4100F2D8B7 /* Assets.xcassets in Resources */,
				AE5DC3AF202A9C4100F2D8B7 /* LaunchScreen.storyboard in Resources */,
				AE5DC3B3202A9C4100F2D8B7 /* Storyboard.storyboard in Resources */,
			);
			runOnlyForDeploymentPostprocessing = 0;
		};
/* End PBXResourcesBuildPhase section */

/* Begin PBXShellScriptBuildPhase section */
		05C9A0FC2C91E472C6C3EEEC /* [CP] Embed Pods Frameworks */ = {
			isa = PBXShellScriptBuildPhase;
			buildActionMask = 2147483647;
			files = (
			);
			inputPaths = (
				"${SRCROOT}/../Pods/Target Support Files/Pods-XTInputKit/Pods-XTInputKit-frameworks.sh",
				"${BUILT_PRODUCTS_DIR}/Alamofire/Alamofire.framework",
				"${BUILT_PRODUCTS_DIR}/HandyJSON/HandyJSON.framework",
			);
			name = "[CP] Embed Pods Frameworks";
			outputPaths = (
				"${TARGET_BUILD_DIR}/${FRAMEWORKS_FOLDER_PATH}/Alamofire.framework",
				"${TARGET_BUILD_DIR}/${FRAMEWORKS_FOLDER_PATH}/HandyJSON.framework",
			);
			runOnlyForDeploymentPostprocessing = 0;
			shellPath = /bin/sh;
			shellScript = "\"${SRCROOT}/../Pods/Target Support Files/Pods-XTInputKit/Pods-XTInputKit-frameworks.sh\"\n";
			showEnvVarsInLog = 0;
		};
		4BDC2E94381F0A6DCCA57AC0 /* [CP] Copy Pods Resources */ = {
			isa = PBXShellScriptBuildPhase;
			buildActionMask = 2147483647;
			files = (
			);
			inputPaths = (
			);
			name = "[CP] Copy Pods Resources";
			outputPaths = (
			);
			runOnlyForDeploymentPostprocessing = 0;
			shellPath = /bin/sh;
			shellScript = "\"${SRCROOT}/../Pods/Target Support Files/Pods-XTInputKit/Pods-XTInputKit-resources.sh\"\n";
			showEnvVarsInLog = 0;
		};
		731DBC6DCD60ADA0E2E638AC /* [CP] Check Pods Manifest.lock */ = {
			isa = PBXShellScriptBuildPhase;
			buildActionMask = 2147483647;
			files = (
			);
			inputPaths = (
				"${PODS_PODFILE_DIR_PATH}/Podfile.lock",
				"${PODS_ROOT}/Manifest.lock",
			);
			name = "[CP] Check Pods Manifest.lock";
			outputPaths = (
				"$(DERIVED_FILE_DIR)/Pods-XTInputKit-checkManifestLockResult.txt",
			);
			runOnlyForDeploymentPostprocessing = 0;
			shellPath = /bin/sh;
			shellScript = "diff \"${PODS_PODFILE_DIR_PATH}/Podfile.lock\" \"${PODS_ROOT}/Manifest.lock\" > /dev/null\nif [ $? != 0 ] ; then\n    # print error to STDERR\n    echo \"error: The sandbox is not in sync with the Podfile.lock. Run 'pod install' or update your CocoaPods installation.\" >&2\n    exit 1\nfi\n# This output is used by Xcode 'outputs' to avoid re-running this script phase.\necho \"SUCCESS\" > \"${SCRIPT_OUTPUT_FILE_0}\"\n";
			showEnvVarsInLog = 0;
		};
/* End PBXShellScriptBuildPhase section */

/* Begin PBXSourcesBuildPhase section */
		AE8D70982012F4CD002E3580 /* Sources */ = {
			isa = PBXSourcesBuildPhase;
			buildActionMask = 2147483647;
			files = (
				AE8D70D42012F4EA002E3580 /* XTIDispatchQueue+.swift in Sources */,
				AE58C783205B6E4400A45B29 /* XTIBaseRequest.swift in Sources */,
				AE8D70D52012F4EA002E3580 /* XTIBaseNameNamespace.swift in Sources */,
				AE8D70D62012F4EA002E3580 /* XTILoger.swift in Sources */,
				AE8D70D22012F4EA002E3580 /* XTIDate+.swift in Sources */,
				AE5EACAD20256FB6002FDD91 /* XTIColor+.m in Sources */,
				AE8D70CC2012F4EA002E3580 /* XTIButton+.swift in Sources */,
				AE58C7932060031E00A45B29 /* XTINetWorkViewController.swift in Sources */,
				AE8D70D92012F4EA002E3580 /* XTIViewController+.m in Sources */,
				AE8D70DA2012F4EA002E3580 /* XTINavigationController+.m in Sources */,
				AE8D70D02012F4EA002E3580 /* XTINavigationController+.swift in Sources */,
				AE8D70D72012F4EA002E3580 /* XTIMacros.swift in Sources */,
				AE8D70D82012F4EA002E3580 /* XTIObserver.swift in Sources */,
				AE58C79C2060E59300A45B29 /* XTITestRequest.swift in Sources */,
				AE5DC3B0202A9C4100F2D8B7 /* XTINavigationController.swift in Sources */,
				AE58C780205B67A600A45B29 /* XTINetWorkConfig.swift in Sources */,
				AE58C7A02060F7F400A45B29 /* XTIHandyJSON.swift in Sources */,
				AE8D70CF2012F4EA002E3580 /* XTIViewController+.swift in Sources */,
				AE66B909201F1DCA002E3FFF /* XTITool.swift in Sources */,
				AE58C7982060E57C00A45B29 /* XTITest1Request.swift in Sources */,
				AECEFFC8201C2C6300B96754 /* NSObject+.swift in Sources */,
				AE8D70CD2012F4EA002E3580 /* XTIColor+.swift in Sources */,
				AE8D70D12012F4EA002E3580 /* XTIString+.swift in Sources */,
				AE58C7962060E56600A45B29 /* XTITestResult.swift in Sources */,
				AE8D70D32012F4EA002E3580 /* XTIDevice+.swift in Sources */,
				AE66B903201C58E7002E3FFF /* UITabBarController+.swift in Sources */,
				AE58C790205E597700A45B29 /* XTIKeyChainViewController.swift in Sources */,
				AE5DC3AE202A9C4100F2D8B7 /* ViewController.swift in Sources */,
				AE8D70CB2012F4EA002E3580 /* XTIView+.swift in Sources */,
				AE58C78C205BCDDF00A45B29 /* XTIKeyChainTool.swift in Sources */,
				AE8D70CE2012F4EA002E3580 /* XTIImage+.swift in Sources */,
				AE5DC3B2202A9C4100F2D8B7 /* AppDelegate.swift in Sources */,
			);
			runOnlyForDeploymentPostprocessing = 0;
		};
/* End PBXSourcesBuildPhase section */

/* Begin XCBuildConfiguration section */
		AE8D70AC2012F4CD002E3580 /* Debug */ = {
			isa = XCBuildConfiguration;
			buildSettings = {
				ALWAYS_SEARCH_USER_PATHS = NO;
				CLANG_ANALYZER_NONNULL = YES;
				CLANG_ANALYZER_NUMBER_OBJECT_CONVERSION = YES_AGGRESSIVE;
				CLANG_CXX_LANGUAGE_STANDARD = "gnu++14";
				CLANG_CXX_LIBRARY = "libc++";
				CLANG_ENABLE_MODULES = YES;
				CLANG_ENABLE_OBJC_ARC = YES;
				CLANG_WARN_BLOCK_CAPTURE_AUTORELEASING = YES;
				CLANG_WARN_BOOL_CONVERSION = YES;
				CLANG_WARN_COMMA = YES;
				CLANG_WARN_CONSTANT_CONVERSION = YES;
				CLANG_WARN_DEPRECATED_OBJC_IMPLEMENTATIONS = YES;
				CLANG_WARN_DIRECT_OBJC_ISA_USAGE = YES_ERROR;
				CLANG_WARN_DOCUMENTATION_COMMENTS = YES;
				CLANG_WARN_EMPTY_BODY = YES;
				CLANG_WARN_ENUM_CONVERSION = YES;
				CLANG_WARN_INFINITE_RECURSION = YES;
				CLANG_WARN_INT_CONVERSION = YES;
				CLANG_WARN_NON_LITERAL_NULL_CONVERSION = YES;
				CLANG_WARN_OBJC_IMPLICIT_RETAIN_SELF = YES;
				CLANG_WARN_OBJC_LITERAL_CONVERSION = YES;
				CLANG_WARN_OBJC_ROOT_CLASS = YES_ERROR;
				CLANG_WARN_RANGE_LOOP_ANALYSIS = YES;
				CLANG_WARN_STRICT_PROTOTYPES = YES;
				CLANG_WARN_SUSPICIOUS_MOVE = YES;
				CLANG_WARN_UNGUARDED_AVAILABILITY = YES_AGGRESSIVE;
				CLANG_WARN_UNREACHABLE_CODE = YES;
				CLANG_WARN__DUPLICATE_METHOD_MATCH = YES;
				CODE_SIGN_IDENTITY = "iPhone Developer";
				COPY_PHASE_STRIP = NO;
				DEBUG_INFORMATION_FORMAT = dwarf;
				ENABLE_STRICT_OBJC_MSGSEND = YES;
				ENABLE_TESTABILITY = YES;
				GCC_C_LANGUAGE_STANDARD = gnu11;
				GCC_DYNAMIC_NO_PIC = NO;
				GCC_NO_COMMON_BLOCKS = YES;
				GCC_OPTIMIZATION_LEVEL = 0;
				GCC_PREPROCESSOR_DEFINITIONS = (
					"DEBUG=1",
					"$(inherited)",
				);
				GCC_WARN_64_TO_32_BIT_CONVERSION = YES;
				GCC_WARN_ABOUT_RETURN_TYPE = YES_ERROR;
				GCC_WARN_UNDECLARED_SELECTOR = YES;
				GCC_WARN_UNINITIALIZED_AUTOS = YES_AGGRESSIVE;
				GCC_WARN_UNUSED_FUNCTION = YES;
				GCC_WARN_UNUSED_VARIABLE = YES;
				IPHONEOS_DEPLOYMENT_TARGET = 11.2;
				MTL_ENABLE_DEBUG_INFO = YES;
				ONLY_ACTIVE_ARCH = YES;
				SDKROOT = iphoneos;
				SWIFT_ACTIVE_COMPILATION_CONDITIONS = DEBUG;
				SWIFT_OPTIMIZATION_LEVEL = "-Onone";
			};
			name = Debug;
		};
		AE8D70AD2012F4CD002E3580 /* Release */ = {
			isa = XCBuildConfiguration;
			buildSettings = {
				ALWAYS_SEARCH_USER_PATHS = NO;
				CLANG_ANALYZER_NONNULL = YES;
				CLANG_ANALYZER_NUMBER_OBJECT_CONVERSION = YES_AGGRESSIVE;
				CLANG_CXX_LANGUAGE_STANDARD = "gnu++14";
				CLANG_CXX_LIBRARY = "libc++";
				CLANG_ENABLE_MODULES = YES;
				CLANG_ENABLE_OBJC_ARC = YES;
				CLANG_WARN_BLOCK_CAPTURE_AUTORELEASING = YES;
				CLANG_WARN_BOOL_CONVERSION = YES;
				CLANG_WARN_COMMA = YES;
				CLANG_WARN_CONSTANT_CONVERSION = YES;
				CLANG_WARN_DEPRECATED_OBJC_IMPLEMENTATIONS = YES;
				CLANG_WARN_DIRECT_OBJC_ISA_USAGE = YES_ERROR;
				CLANG_WARN_DOCUMENTATION_COMMENTS = YES;
				CLANG_WARN_EMPTY_BODY = YES;
				CLANG_WARN_ENUM_CONVERSION = YES;
				CLANG_WARN_INFINITE_RECURSION = YES;
				CLANG_WARN_INT_CONVERSION = YES;
				CLANG_WARN_NON_LITERAL_NULL_CONVERSION = YES;
				CLANG_WARN_OBJC_IMPLICIT_RETAIN_SELF = YES;
				CLANG_WARN_OBJC_LITERAL_CONVERSION = YES;
				CLANG_WARN_OBJC_ROOT_CLASS = YES_ERROR;
				CLANG_WARN_RANGE_LOOP_ANALYSIS = YES;
				CLANG_WARN_STRICT_PROTOTYPES = YES;
				CLANG_WARN_SUSPICIOUS_MOVE = YES;
				CLANG_WARN_UNGUARDED_AVAILABILITY = YES_AGGRESSIVE;
				CLANG_WARN_UNREACHABLE_CODE = YES;
				CLANG_WARN__DUPLICATE_METHOD_MATCH = YES;
				CODE_SIGN_IDENTITY = "iPhone Developer";
				COPY_PHASE_STRIP = NO;
				DEBUG_INFORMATION_FORMAT = "dwarf-with-dsym";
				ENABLE_NS_ASSERTIONS = NO;
				ENABLE_STRICT_OBJC_MSGSEND = YES;
				GCC_C_LANGUAGE_STANDARD = gnu11;
				GCC_NO_COMMON_BLOCKS = YES;
				GCC_WARN_64_TO_32_BIT_CONVERSION = YES;
				GCC_WARN_ABOUT_RETURN_TYPE = YES_ERROR;
				GCC_WARN_UNDECLARED_SELECTOR = YES;
				GCC_WARN_UNINITIALIZED_AUTOS = YES_AGGRESSIVE;
				GCC_WARN_UNUSED_FUNCTION = YES;
				GCC_WARN_UNUSED_VARIABLE = YES;
				IPHONEOS_DEPLOYMENT_TARGET = 11.2;
				MTL_ENABLE_DEBUG_INFO = NO;
				SDKROOT = iphoneos;
				SWIFT_OPTIMIZATION_LEVEL = "-Owholemodule";
				VALIDATE_PRODUCT = YES;
			};
			name = Release;
		};
		AE8D70AF2012F4CD002E3580 /* Debug */ = {
			isa = XCBuildConfiguration;
			baseConfigurationReference = EEB07AFBD8A4CCF7B477ADE4 /* Pods-XTInputKit.debug.xcconfig */;
			buildSettings = {
				ASSETCATALOG_COMPILER_APPICON_NAME = AppIcon;
				ASSETCATALOG_COMPILER_LAUNCHIMAGE_NAME = LaunchImage;
				CODE_SIGN_ENTITLEMENTS = XTInputKit/XTInputKit.entitlements;
				CODE_SIGN_STYLE = Automatic;
				DEVELOPMENT_TEAM = ZZ2Q79GEK8;
				INFOPLIST_FILE = "$(SRCROOT)/XTInputKit/Info.plist";
				IPHONEOS_DEPLOYMENT_TARGET = 9.0;
				LD_RUNPATH_SEARCH_PATHS = "$(inherited) @executable_path/Frameworks";
				PRODUCT_BUNDLE_IDENTIFIER = com.07coding.XTInputKit;
				PRODUCT_NAME = "$(TARGET_NAME)";
				SWIFT_OBJC_BRIDGING_HEADER = "$(SRCROOT)/../Source/XTInputKit-ObjC.h";
				SWIFT_VERSION = 4.0;
				TARGETED_DEVICE_FAMILY = "1,2";
			};
			name = Debug;
		};
		AE8D70B02012F4CD002E3580 /* Release */ = {
			isa = XCBuildConfiguration;
			baseConfigurationReference = 6A600A70D7327E7F9503916A /* Pods-XTInputKit.release.xcconfig */;
			buildSettings = {
				ASSETCATALOG_COMPILER_APPICON_NAME = AppIcon;
				ASSETCATALOG_COMPILER_LAUNCHIMAGE_NAME = LaunchImage;
				CODE_SIGN_ENTITLEMENTS = XTInputKit/XTInputKit.entitlements;
				CODE_SIGN_STYLE = Automatic;
				DEVELOPMENT_TEAM = ZZ2Q79GEK8;
				INFOPLIST_FILE = "$(SRCROOT)/XTInputKit/Info.plist";
				IPHONEOS_DEPLOYMENT_TARGET = 9.0;
				LD_RUNPATH_SEARCH_PATHS = "$(inherited) @executable_path/Frameworks";
				PRODUCT_BUNDLE_IDENTIFIER = com.07coding.XTInputKit;
				PRODUCT_NAME = "$(TARGET_NAME)";
				SWIFT_OBJC_BRIDGING_HEADER = "$(SRCROOT)/../Source/XTInputKit-ObjC.h";
				SWIFT_VERSION = 4.0;
				TARGETED_DEVICE_FAMILY = "1,2";
			};
			name = Release;
		};
/* End XCBuildConfiguration section */

/* Begin XCConfigurationList section */
		AE8D70972012F4CD002E3580 /* Build configuration list for PBXProject "XTInputKit" */ = {
			isa = XCConfigurationList;
			buildConfigurations = (
				AE8D70AC2012F4CD002E3580 /* Debug */,
				AE8D70AD2012F4CD002E3580 /* Release */,
			);
			defaultConfigurationIsVisible = 0;
			defaultConfigurationName = Release;
		};
		AE8D70AE2012F4CD002E3580 /* Build configuration list for PBXNativeTarget "XTInputKit" */ = {
			isa = XCConfigurationList;
			buildConfigurations = (
				AE8D70AF2012F4CD002E3580 /* Debug */,
				AE8D70B02012F4CD002E3580 /* Release */,
			);
			defaultConfigurationIsVisible = 0;
			defaultConfigurationName = Release;
		};
/* End XCConfigurationList section */
	};
	rootObject = AE8D70942012F4CD002E3580 /* Project object */;
}
